
Microsoft Visual Studio Solution File, Format Version 10.00
# Visual C++ Express 2008
Project("{8BC9CEB8-8B4A-11D0-8D11-00A0C91BC942}") = "bfoverlaymount", "bfoverlaymount\bfoverlaymount.vcproj", "{FAC21E0F-60CA-412E-BC08-14DE58E51B6C}"
	ProjectSection(ProjectDependencies) = postProject
		{F2F0DFE9-2FC6-4EB0-8950-8E56A68A83B6} = {F2F0DFE9-2FC6-4EB0-8950-8E56A68A83B6}
		{06974AC2-AE80-4F66-AEBD-0A2811303BA6} = {06974AC2-AE80-4F66-AEBD-0A2811303BA6}
		{7BDF06EC-A36C-40E7-813B-D08C7990DEB9} = {7BDF06EC-A36C-40E7-813B-D08C7990DEB9}
		{10CC006D-5E5D-4FE6-B689-A2BA528573ED} = {10CC006D-5E5D-4FE6-B689-A2BA528573ED}
		{C60CD3D7-C7BA-4B4C-9F61-74CD5273B5B6} = {C60CD3D7-C7BA-4B4C-9F61-74CD5273B5B6}
		{40BAE5FF-CA58-4171-9DA8-15C2F94755B4} = {40BAE5FF-CA58-4171-9DA8-15C2F94755B4}
	EndProjectSection
EndProject
Project("{8BC9CEB8-8B4A-11D0-8D11-00A0C91BC942}") = "bfoverlay_test_descriptor_file", "bfoverlay_test_descriptor_file\bfoverlay_test_descriptor_file.vcproj", "{D31CBC13-0283-4976-8682-8DC2DFDB11A6}"
	ProjectSection(ProjectDependencies) = postProject
		{4E43F406-1CD4-4041-9F66-69EE2E7DDC81} = {4E43F406-1CD4-4041-9F66-69EE2E7DDC81}
		{AB0CD3DE-494D-4BC7-A7B9-331BD44CB7A1} = {AB0CD3DE-494D-4BC7-A7B9-331BD44CB7A1}
		{BD54BCFD-8B1A-4D22-ADA9-139F3CC076E6} = {BD54BCFD-8B1A-4D22-ADA9-139F3CC076E6}
		{F2F0DFE9-2FC6-4EB0-8950-8E56A68A83B6} = {F2F0DFE9-2FC6-4EB0-8950-8E56A68A83B6}
		{AB5B39DB-EC84-469E-8937-F5CCC95FAAA8} = {AB5B39DB-EC84-469E-8937-F5CCC95FAAA8}
		{06974AC2-AE80-4F66-AEBD-0A2811303BA6} = {06974AC2-AE80-4F66-AEBD-0A2811303BA6}
		{7BDF06EC-A36C-40E7-813B-D08C7990DEB9} = {7BDF06EC-A36C-40E7-813B-D08C7990DEB9}
		{10CC006D-5E5D-4FE6-B689-A2BA528573ED} = {10CC006D-5E5D-4FE6-B689-A2BA528573ED}
		{C60CD3D7-C7BA-4B4C-9F61-74CD5273B5B6} = {C60CD3D7-C7BA-4B4C-9F61-74CD5273B5B6}
		{40BAE5FF-CA58-4171-9DA8-15C2F94755B4} = {40BAE5FF-CA58-4171-9DA8-15C2F94755B4}
	EndProjectSection
EndProject
Project("{8BC9CEB8-8B4A-11D0-8D11-00A0C91BC942}") = "bfoverlay_test_error", "bfoverlay_test_error\bfoverlay_test_error.vcproj", "{BD332ECE-410A-4AA0-B009-C868E3016084}"
	ProjectSection(ProjectDependencies) = postProject
		{C60CD3D7-C7BA-4B4C-9F61-74CD5273B5B6} = {C60CD3D7-C7BA-4B4C-9F61-74CD5273B5B6}
	EndProjectSection
EndProject
Project("{8BC9CEB8-8B4A-11D0-8D11-00A0C91BC942}") = "bfoverlay_test_handle", "bfoverlay_test_handle\bfoverlay_test_handle.vcproj", "{1EA44316-D172-4F53-8CD0-403E26DB6684}"
	ProjectSection(ProjectDependencies) = postProject
		{4E43F406-1CD4-4041-9F66-69EE2E7DDC81} = {4E43F406-1CD4-4041-9F66-69EE2E7DDC81}
		{AB0CD3DE-494D-4BC7-A7B9-331BD44CB7A1} = {AB0CD3DE-494D-4BC7-A7B9-331BD44CB7A1}
		{BD54BCFD-8B1A-4D22-ADA9-139F3CC076E6} = {BD54BCFD-8B1A-4D22-ADA9-139F3CC076E6}
		{F2F0DFE9-2FC6-4EB0-8950-8E56A68A83B6} = {F2F0DFE9-2FC6-4EB0-8950-8E56A68A83B6}
		{AB5B39DB-EC84-469E-8937-F5CCC95FAAA8} = {AB5B39DB-EC84-469E-8937-F5CCC95FAAA8}
		{06974AC2-AE80-4F66-AEBD-0A2811303BA6} = {06974AC2-AE80-4F66-AEBD-0A2811303BA6}
		{7BDF06EC-A36C-40E7-813B-D08C7990DEB9} = {7BDF06EC-A36C-40E7-813B-D08C7990DEB9}
		{10CC006D-5E5D-4FE6-B689-A2BA528573ED} = {10CC006D-5E5D-4FE6-B689-A2BA528573ED}
		{C60CD3D7-C7BA-4B4C-9F61-74CD5273B5B6} = {C60CD3D7-C7BA-4B4C-9F61-74CD5273B5B6}
		{CAB1095A-AC05-4D2D-8851-0FC2FB09CAB8} = {CAB1095A-AC05-4D2D-8851-0FC2FB09CAB8}
		{40BAE5FF-CA58-4171-9DA8-15C2F94755B4} = {40BAE5FF-CA58-4171-9DA8-15C2F94755B4}
	EndProjectSection
EndProject
Project("{8BC9CEB8-8B4A-11D0-8D11-00A0C91BC942}") = "bfoverlay_test_layer", "bfoverlay_test_layer\bfoverlay_test_layer.vcproj", "{A9C25BE9-1EED-4313-9AFD-6C5F3541ACDD}"
	ProjectSection(ProjectDependencies) = postProject
		{C60CD3D7-C7BA-4B4C-9F61-74CD5273B5B6} = {C60CD3D7-C7BA-4B4C-9F61-74CD5273B5B6}
		{40BAE5FF-CA58-4171-9DA8-15C2F94755B4} = {40BAE5FF-CA58-4171-9DA8-15C2F94755B4}
	EndProjectSection
EndProject
Project("{8BC9CEB8-8B4A-11D0-8D11-00A0C91BC942}") = "bfoverlay_test_notify", "bfoverlay_test_notify\bfoverlay_test_notify.vcproj", "{031D5963-6623-4F3E-8F6A-1F83525BD34A}"
	ProjectSection(ProjectDependencies) = postProject
		{C60CD3D7-C7BA-4B4C-9F61-74CD5273B5B6} = {C60CD3D7-C7BA-4B4C-9F61-74CD5273B5B6}
		{40BAE5FF-CA58-4171-9DA8-15C2F94755B4} = {40BAE5FF-CA58-4171-9DA8-15C2F94755B4}
	EndProjectSection
EndProject
Project("{8BC9CEB8-8B4A-11D0-8D11-00A0C91BC942}") = "bfoverlay_test_support", "bfoverlay_test_support\bfoverlay_test_support.vcproj", "{17355AC4-74F0-45A4-AAE6-50FC27F7F491}"
	ProjectSection(ProjectDependencies) = postProject
		{C60CD3D7-C7BA-4B4C-9F61-74CD5273B5B6} = {C60CD3D7-C7BA-4B4C-9F61-74CD5273B5B6}
		{40BAE5FF-CA58-4171-9DA8-15C2F94755B4} = {40BAE5FF-CA58-4171-9DA8-15C2F94755B4}
	EndProjectSection
EndProject
Project("{8BC9CEB8-8B4A-11D0-8D11-00A0C91BC942}") = "libclocale", "libclocale\libclocale.vcproj", "{7BDF06EC-A36C-40E7-813B-D08C7990DEB9}"
	ProjectSection(ProjectDependencies) = postProject
		{40BAE5FF-CA58-4171-9DA8-15C2F94755B4} = {40BAE5FF-CA58-4171-9DA8-15C2F94755B4}
	EndProjectSection
EndProject
Project("{8BC9CEB8-8B4A-11D0-8D11-00A0C91BC942}") = "libbfio", "libbfio\libbfio.vcproj", "{4E43F406-1CD4-4041-9F66-69EE2E7DDC81}"
	ProjectSection(ProjectDependencies) = postProject
		{40BAE5FF-CA58-4171-9DA8-15C2F94755B4} = {40BAE5FF-CA58-4171-9DA8-15C2F94755B4}
		{CAB1095A-AC05-4D2D-8851-0FC2FB09CAB8} = {CAB1095A-AC05-4D2D-8851-0FC2FB09CAB8}
		{7BDF06EC-A36C-40E7-813B-D08C7990DEB9} = {7BDF06EC-A36C-40E7-813B-D08C7990DEB9}
		{06974AC2-AE80-4F66-AEBD-0A2811303BA6} = {06974AC2-AE80-4F66-AEBD-0A2811303BA6}
		{10CC006D-5E5D-4FE6-B689-A2BA528573ED} = {10CC006D-5E5D-4FE6-B689-A2BA528573ED}
		{AB5B39DB-EC84-469E-8937-F5CCC95FAAA8} = {AB5B39DB-EC84-469E-8937-F5CCC95FAAA8}
		{BD54BCFD-8B1A-4D22-ADA9-139F3CC076E6} = {BD54BCFD-8B1A-4D22-ADA9-139F3CC076E6}
		{AB0CD3DE-494D-4BC7-A7B9-331BD44CB7A1} = {AB0CD3DE-494D-4BC7-A7B9-331BD44CB7A1}
		{F2F0DFE9-2FC6-4EB0-8950-8E56A68A83B6} = {F2F0DFE9-2FC6-4EB0-8950-8E56A68A83B6}
	EndProjectSection
EndProject
Project("{8BC9CEB8-8B4A-11D0-8D11-00A0C91BC942}") = "libbfoverlay", "libbfoverlay\libbfoverlay.vcproj", "{C60CD3D7-C7BA-4B4C-9F61-74CD5273B5B6}"
	ProjectSection(ProjectDependencies) = postProject
		{40BAE5FF-CA58-4171-9DA8-15C2F94755B4} = {40BAE5FF-CA58-4171-9DA8-15C2F94755B4}
		{CAB1095A-AC05-4D2D-8851-0FC2FB09CAB8} = {CAB1095A-AC05-4D2D-8851-0FC2FB09CAB8}
		{10CC006D-5E5D-4FE6-B689-A2BA528573ED} = {10CC006D-5E5D-4FE6-B689-A2BA528573ED}
		{7BDF06EC-A36C-40E7-813B-D08C7990DEB9} = {7BDF06EC-A36C-40E7-813B-D08C7990DEB9}
		{06974AC2-AE80-4F66-AEBD-0A2811303BA6} = {06974AC2-AE80-4F66-AEBD-0A2811303BA6}
		{AB5B39DB-EC84-469E-8937-F5CCC95FAAA8} = {AB5B39DB-EC84-469E-8937-F5CCC95FAAA8}
		{F2F0DFE9-2FC6-4EB0-8950-8E56A68A83B6} = {F2F0DFE9-2FC6-4EB0-8950-8E56A68A83B6}
		{BD54BCFD-8B1A-4D22-ADA9-139F3CC076E6} = {BD54BCFD-8B1A-4D22-ADA9-139F3CC076E6}
		{AB0CD3DE-494D-4BC7-A7B9-331BD44CB7A1} = {AB0CD3DE-494D-4BC7-A7B9-331BD44CB7A1}
		{4E43F406-1CD4-4041-9F66-69EE2E7DDC81} = {4E43F406-1CD4-4041-9F66-69EE2E7DDC81}
		{4B47D07A-90FE-4747-BCDC-2211480AD9C5} = {4B47D07A-90FE-4747-BCDC-2211480AD9C5}
	EndProjectSection
EndProject
Project("{8BC9CEB8-8B4A-11D0-8D11-00A0C91BC942}") = "libcfile", "libcfile\libcfile.vcproj", "{BD54BCFD-8B1A-4D22-ADA9-139F3CC076E6}"
	ProjectSection(ProjectDependencies) = postProject
		{40BAE5FF-CA58-4171-9DA8-15C2F94755B4} = {40BAE5FF-CA58-4171-9DA8-15C2F94755B4}
		{7BDF06EC-A36C-40E7-813B-D08C7990DEB9} = {7BDF06EC-A36C-40E7-813B-D08C7990DEB9}
		{06974AC2-AE80-4F66-AEBD-0A2811303BA6} = {06974AC2-AE80-4F66-AEBD-0A2811303BA6}
		{F2F0DFE9-2FC6-4EB0-8950-8E56A68A83B6} = {F2F0DFE9-2FC6-4EB0-8950-8E56A68A83B6}
	EndProjectSection
EndProject
Project("{8BC9CEB8-8B4A-11D0-8D11-00A0C91BC942}") = "libcthreads", "libcthreads\libcthreads.vcproj", "{CAB1095A-AC05-4D2D-8851-0FC2FB09CAB8}"
	ProjectSection(ProjectDependencies) = postProject
		{40BAE5FF-CA58-4171-9DA8-15C2F94755B4} = {40BAE5FF-CA58-4171-9DA8-15C2F94755B4}
	EndProjectSection
EndProject
Project("{8BC9CEB8-8B4A-11D0-8D11-00A0C91BC942}") = "libcpath", "libcpath\libcpath.vcproj", "{AB0CD3DE-494D-4BC7-A7B9-331BD44CB7A1}"
	ProjectSection(ProjectDependencies) = postProject
		{40BAE5FF-CA58-4171-9DA8-15C2F94755B4} = {40BAE5FF-CA58-4171-9DA8-15C2F94755B4}
		{7BDF06EC-A36C-40E7-813B-D08C7990DEB9} = {7BDF06EC-A36C-40E7-813B-D08C7990DEB9}
		{AB5B39DB-EC84-469E-8937-F5CCC95FAAA8} = {AB5B39DB-EC84-469E-8937-F5CCC95FAAA8}
		{F2F0DFE9-2FC6-4EB0-8950-8E56A68A83B6} = {F2F0DFE9-2FC6-4EB0-8950-8E56A68A83B6}
	EndProjectSection
EndProject
Project("{8BC9CEB8-8B4A-11D0-8D11-00A0C91BC942}") = "libuna", "libuna\libuna.vcproj", "{F2F0DFE9-2FC6-4EB0-8950-8E56A68A83B6}"
	ProjectSection(ProjectDependencies) = postProject
		{40BAE5FF-CA58-4171-9DA8-15C2F94755B4} = {40BAE5FF-CA58-4171-9DA8-15C2F94755B4}
	EndProjectSection
EndProject
Project("{8BC9CEB8-8B4A-11D0-8D11-00A0C91BC942}") = "libfvalue", "libfvalue\libfvalue.vcproj", "{4B47D07A-90FE-4747-BCDC-2211480AD9C5}"
	ProjectSection(ProjectDependencies) = postProject
		{40BAE5FF-CA58-4171-9DA8-15C2F94755B4} = {40BAE5FF-CA58-4171-9DA8-15C2F94755B4}
		{CAB1095A-AC05-4D2D-8851-0FC2FB09CAB8} = {CAB1095A-AC05-4D2D-8851-0FC2FB09CAB8}
		{10CC006D-5E5D-4FE6-B689-A2BA528573ED} = {10CC006D-5E5D-4FE6-B689-A2BA528573ED}
		{06974AC2-AE80-4F66-AEBD-0A2811303BA6} = {06974AC2-AE80-4F66-AEBD-0A2811303BA6}
		{F2F0DFE9-2FC6-4EB0-8950-8E56A68A83B6} = {F2F0DFE9-2FC6-4EB0-8950-8E56A68A83B6}
	EndProjectSection
EndProject
Project("{8BC9CEB8-8B4A-11D0-8D11-00A0C91BC942}") = "libcerror", "libcerror\libcerror.vcproj", "{40BAE5FF-CA58-4171-9DA8-15C2F94755B4}"
EndProject
Project("{8BC9CEB8-8B4A-11D0-8D11-00A0C91BC942}") = "libcnotify", "libcnotify\libcnotify.vcproj", "{06974AC2-AE80-4F66-AEBD-0A2811303BA6}"
	ProjectSection(ProjectDependencies) = postProject
		{40BAE5FF-CA58-4171-9DA8-15C2F94755B4} = {40BAE5FF-CA58-4171-9DA8-15C2F94755B4}
	EndProjectSection
EndProject
Project("{8BC9CEB8-8B4A-11D0-8D11-00A0C91BC942}") = "libcdata", "libcdata\libcdata.vcproj", "{10CC006D-5E5D-4FE6-B689-A2BA528573ED}"
	ProjectSection(ProjectDependencies) = postProject
		{40BAE5FF-CA58-4171-9DA8-15C2F94755B4} = {40BAE5FF-CA58-4171-9DA8-15C2F94755B4}
		{CAB1095A-AC05-4D2D-8851-0FC2FB09CAB8} = {CAB1095A-AC05-4D2D-8851-0FC2FB09CAB8}
	EndProjectSection
EndProject
Project("{8BC9CEB8-8B4A-11D0-8D11-00A0C91BC942}") = "libcsplit", "libcsplit\libcsplit.vcproj", "{AB5B39DB-EC84-469E-8937-F5CCC95FAAA8}"
	ProjectSection(ProjectDependencies) = postProject
		{40BAE5FF-CA58-4171-9DA8-15C2F94755B4} = {40BAE5FF-CA58-4171-9DA8-15C2F94755B4}
	EndProjectSection
EndProject
Global
	GlobalSection(SolutionConfigurationPlatforms) = preSolution
		Release|Win32 = Release|Win32
		VSDebug|Win32 = VSDebug|Win32
	EndGlobalSection
	GlobalSection(ProjectConfigurationPlatforms) = postSolution
		{FAC21E0F-60CA-412E-BC08-14DE58E51B6C}.Release|Win32.ActiveCfg = Release|Win32
		{FAC21E0F-60CA-412E-BC08-14DE58E51B6C}.Release|Win32.Build.0 = Release|Win32
		{FAC21E0F-60CA-412E-BC08-14DE58E51B6C}.VSDebug|Win32.ActiveCfg = VSDebug|Win32
		{FAC21E0F-60CA-412E-BC08-14DE58E51B6C}.VSDebug|Win32.Build.0 = VSDebug|Win32
		{D31CBC13-0283-4976-8682-8DC2DFDB11A6}.Release|Win32.ActiveCfg = Release|Win32
		{D31CBC13-0283-4976-8682-8DC2DFDB11A6}.Release|Win32.Build.0 = Release|Win32
		{D31CBC13-0283-4976-8682-8DC2DFDB11A6}.VSDebug|Win32.ActiveCfg = VSDebug|Win32
		{D31CBC13-0283-4976-8682-8DC2DFDB11A6}.VSDebug|Win32.Build.0 = VSDebug|Win32
		{BD332ECE-410A-4AA0-B009-C868E3016084}.Release|Win32.ActiveCfg = Release|Win32
		{BD332ECE-410A-4AA0-B009-C868E3016084}.Release|Win32.Build.0 = Release|Win32
		{BD332ECE-410A-4AA0-B009-C868E3016084}.VSDebug|Win32.ActiveCfg = VSDebug|Win32
		{BD332ECE-410A-4AA0-B009-C868E3016084}.VSDebug|Win32.Build.0 = VSDebug|Win32
		{1EA44316-D172-4F53-8CD0-403E26DB6684}.Release|Win32.ActiveCfg = Release|Win32
		{1EA44316-D172-4F53-8CD0-403E26DB6684}.Release|Win32.Build.0 = Release|Win32
		{1EA44316-D172-4F53-8CD0-403E26DB6684}.VSDebug|Win32.ActiveCfg = VSDebug|Win32
		{1EA44316-D172-4F53-8CD0-403E26DB6684}.VSDebug|Win32.Build.0 = VSDebug|Win32
		{A9C25BE9-1EED-4313-9AFD-6C5F3541ACDD}.Release|Win32.ActiveCfg = Release|Win32
		{A9C25BE9-1EED-4313-9AFD-6C5F3541ACDD}.Release|Win32.Build.0 = Release|Win32
		{A9C25BE9-1EED-4313-9AFD-6C5F3541ACDD}.VSDebug|Win32.ActiveCfg = VSDebug|Win32
		{A9C25BE9-1EED-4313-9AFD-6C5F3541ACDD}.VSDebug|Win32.Build.0 = VSDebug|Win32
		{031D5963-6623-4F3E-8F6A-1F83525BD34A}.Release|Win32.ActiveCfg = Release|Win32
		{031D5963-6623-4F3E-8F6A-1F83525BD34A}.Release|Win32.Build.0 = Release|Win32
		{031D5963-6623-4F3E-8F6A-1F83525BD34A}.VSDebug|Win32.ActiveCfg = VSDebug|Win32
		{031D5963-6623-4F3E-8F6A-1F83525BD34A}.VSDebug|Win32.Build.0 = VSDebug|Win32
		{17355AC4-74F0-45A4-AAE6-50FC27F7F491}.Release|Win32.ActiveCfg = Release|Win32
		{17355AC4-74F0-45A4-AAE6-50FC27F7F491}.Release|Win32.Build.0 = Release|Win32
		{17355AC4-74F0-45A4-AAE6-50FC27F7F491}.VSDebug|Win32.ActiveCfg = VSDebug|Win32
		{17355AC4-74F0-45A4-AAE6-50FC27F7F491}.VSDebug|Win32.Build.0 = VSDebug|Win32
		{7BDF06EC-A36C-40E7-813B-D08C7990DEB9}.Release|Win32.ActiveCfg = Release|Win32
		{7BDF06EC-A36C-40E7-813B-D08C7990DEB9}.Release|Win32.Build.0 = Release|Win32
		{7BDF06EC-A36C-40E7-813B-D08C7990DEB9}.VSDebug|Win32.ActiveCfg = VSDebug|Win32
		{7BDF06EC-A36C-40E7-813B-D08C7990DEB9}.VSDebug|Win32.Build.0 = VSDebug|Win32
		{4E43F406-1CD4-4041-9F66-69EE2E7DDC81}.Release|Win32.ActiveCfg = Release|Win32
		{4E43F406-1CD4-4041-9F66-69EE2E7DDC81}.Release|Win32.Build.0 = Release|Win32
		{4E43F406-1CD4-4041-9F66-69EE2E7DDC81}.VSDebug|Win32.ActiveCfg = VSDebug|Win32
		{4E43F406-1CD4-4041-9F66-69EE2E7DDC81}.VSDebug|Win32.Build.0 = VSDebug|Win32
		{C60CD3D7-C7BA-4B4C-9F61-74CD5273B5B6}.Release|Win32.ActiveCfg = Release|Win32
		{C60CD3D7-C7BA-4B4C-9F61-74CD5273B5B6}.Release|Win32.Build.0 = Release|Win32
		{C60CD3D7-C7BA-4B4C-9F61-74CD5273B5B6}.VSDebug|Win32.ActiveCfg = VSDebug|Win32
		{C60CD3D7-C7BA-4B4C-9F61-74CD5273B5B6}.VSDebug|Win32.Build.0 = VSDebug|Win32
		{BD54BCFD-8B1A-4D22-ADA9-139F3CC076E6}.Release|Win32.ActiveCfg = Release|Win32
		{BD54BCFD-8B1A-4D22-ADA9-139F3CC076E6}.Release|Win32.Build.0 = Release|Win32
		{BD54BCFD-8B1A-4D22-ADA9-139F3CC076E6}.VSDebug|Win32.ActiveCfg = VSDebug|Win32
		{BD54BCFD-8B1A-4D22-ADA9-139F3CC076E6}.VSDebug|Win32.Build.0 = VSDebug|Win32
		{CAB1095A-AC05-4D2D-8851-0FC2FB09CAB8}.Release|Win32.ActiveCfg = Release|Win32
		{CAB1095A-AC05-4D2D-8851-0FC2FB09CAB8}.Release|Win32.Build.0 = Release|Win32
		{CAB1095A-AC05-4D2D-8851-0FC2FB09CAB8}.VSDebug|Win32.ActiveCfg = VSDebug|Win32
		{CAB1095A-AC05-4D2D-8851-0FC2FB09CAB8}.VSDebug|Win32.Build.0 = VSDebug|Win32
		{AB0CD3DE-494D-4BC7-A7B9-331BD44CB7A1}.Release|Win32.ActiveCfg = Release|Win32
		{AB0CD3DE-494D-4BC7-A7B9-331BD44CB7A1}.Release|Win32.Build.0 = Release|Win32
		{AB0CD3DE-494D-4BC7-A7B9-331BD44CB7A1}.VSDebug|Win32.ActiveCfg = VSDebug|Win32
		{AB0CD3DE-494D-4BC7-A7B9-331BD44CB7A1}.VSDebug|Win32.Build.0 = VSDebug|Win32
		{F2F0DFE9-2FC6-4EB0-8950-8E56A68A83B6}.Release|Win32.ActiveCfg = Release|Win32
		{F2F0DFE9-2FC6-4EB0-8950-8E56A68A83B6}.Release|Win32.Build.0 = Release|Win32
		{F2F0DFE9-2FC6-4EB0-8950-8E56A68A83B6}.VSDebug|Win32.ActiveCfg = VSDebug|Win32
		{F2F0DFE9-2FC6-4EB0-8950-8E56A68A83B6}.VSDebug|Win32.Build.0 = VSDebug|Win32
		{4B47D07A-90FE-4747-BCDC-2211480AD9C5}.Release|Win32.ActiveCfg = Release|Win32
		{4B47D07A-90FE-4747-BCDC-2211480AD9C5}.Release|Win32.Build.0 = Release|Win32
		{4B47D07A-90FE-4747-BCDC-2211480AD9C5}.VSDebug|Win32.ActiveCfg = VSDebug|Win32
		{4B47D07A-90FE-4747-BCDC-2211480AD9C5}.VSDebug|Win32.Build.0 = VSDebug|Win32
		{40BAE5FF-CA58-4171-9DA8-15C2F94755B4}.Release|Win32.ActiveCfg = Release|Win32
		{40BAE5FF-CA58-4171-9DA8-15C2F94755B4}.Release|Win32.Build.0 = Release|Win32
		{40BAE5FF-CA58-4171-9DA8-15C2F94755B4}.VSDebug|Win32.ActiveCfg = VSDebug|Win32
		{40BAE5FF-CA58-4171-9DA8-15C2F94755B4}.VSDebug|Win32.Build.0 = VSDebug|Win32
		{06974AC2-AE80-4F66-AEBD-0A2811303BA6}.Release|Win32.ActiveCfg = Release|Win32
		{06974AC2-AE80-4F66-AEBD-0A2811303BA6}.Release|Win32.Build.0 = Release|Win32
		{06974AC2-AE80-4F66-AEBD-0A2811303BA6}.VSDebug|Win32.ActiveCfg = VSDebug|Win32
		{06974AC2-AE80-4F66-AEBD-0A2811303BA6}.VSDebug|Win32.Build.0 = VSDebug|Win32
		{10CC006D-5E5D-4FE6-B689-A2BA528573ED}.Release|Win32.ActiveCfg = Release|Win32
		{10CC006D-5E5D-4FE6-B689-A2BA528573ED}.Release|Win32.Build.0 = Release|Win32
		{10CC006D-5E5D-4FE6-B689-A2BA528573ED}.VSDebug|Win32.ActiveCfg = VSDebug|Win32
		{10CC006D-5E5D-4FE6-B689-A2BA528573ED}.VSDebug|Win32.Build.0 = VSDebug|Win32
		{AB5B39DB-EC84-469E-8937-F5CCC95FAAA8}.Release|Win32.ActiveCfg = Release|Win32
		{AB5B39DB-EC84-469E-8937-F5CCC95FAAA8}.Release|Win32.Build.0 = Release|Win32
		{AB5B39DB-EC84-469E-8937-F5CCC95FAAA8}.VSDebug|Win32.ActiveCfg = VSDebug|Win32
		{AB5B39DB-EC84-469E-8937-F5CCC95FAAA8}.VSDebug|Win32.Build.0 = VSDebug|Win32
	EndGlobalSection
	GlobalSection(SolutionProperties) = preSolution
		HideSolutionNode = FALSE
	EndGlobalSection
EndGlobal
